{
  "name": "conform-to-valibot",
  "version": "0.0.1",
  "lockfileVersion": 3,
  "requires": true,
  "packages": {
    "": {
      "name": "conform-to-valibot",
      "version": "0.0.1",
      "license": "MIT",
      "devDependencies": {
        "@conform-to/dom": "^0.9.1",
        "valibot": "^0.20.1"
      }
    },
    "node_modules/@conform-to/dom": {
      "version": "0.9.1",
      "resolved": "https://registry.npmjs.org/@conform-to/dom/-/dom-0.9.1.tgz",
      "integrity": "sha512-+T6QgpLDPZ29j4y5nWW61WMe8qj0cQBymyzbi5sq1f3CcBO3wBbR0VPI7mbm+rLoErHWM3ghhdNlIkw0UPoLLA==",
      "dev": true
    },
    "node_modules/valibot": {
      "version": "0.20.1",
      "resolved": "https://registry.npmjs.org/valibot/-/valibot-0.20.1.tgz",
      "integrity": "sha512-7lToTLG5wtK76u32gq8dUK0bAw7bknTGbeNSKRJunAC2soGVnNrKngg+38Jjt6FOwH+MshUONHoFz+LgmjeYKQ==",
      "dev": true
    }
  }
}
